
Microsoft Visual Studio Solution File, Format Version 11.00
# Visual Studio 2010
Project("{8BC9CEB8-8B4A-11D0-8D11-00A0C91BC942}") = "CS_446_test", "CS_446_test\CS_446_test.vcxproj", "{169D90D9-5710-4084-B9FD-7FE5294E56A5}"
EndProject
Global
	GlobalSection(SolutionConfigurationPlatforms) = preSolution
		Debug|Win32 = Debug|Win32
		Release|Win32 = Release|Win32
	EndGlobalSection
	GlobalSection(ProjectConfigurationPlatforms) = postSolution
		{169D90D9-5710-4084-B9FD-7FE5294E56A5}.Debug|Win32.ActiveCfg = Debug|Win32
		{169D90D9-5710-4084-B9FD-7FE5294E56A5}.Debug|Win32.Build.0 = Debug|Win32
		{169D90D9-5710-4084-B9FD-7FE5294E56A5}.Release|Win32.ActiveCfg = Release|Win32
		{169D90D9-5710-4084-B9FD-7FE5294E56A5}.Release|Win32.Build.0 = Release|Win32
	EndGlobalSection
	GlobalSection(SolutionProperties) = preSolution
		HideSolutionNode = FALSE
	EndGlobalSection
EndGlobal
